
Microsoft Visual Studio Solution File, Format Version 12.00
# Visual Studio Version 17
VisualStudioVersion = 17.11.35303.130
MinimumVisualStudioVersion = 10.0.40219.1
Project("{FAE04EC0-301F-11D3-BF4B-00C04F79EFBC}") = "BookStoreGUI", "rzBookstore\BookStoreGUI.csproj", "{7BE0C518-B49E-48C7-ABF4-5300C5EC7F7E}"
EndProject
Project("{FAE04EC0-301F-11D3-BF4B-00C04F79EFBC}") = "BookStoreLIB", "UnitTestLoginPage\BookStoreLIB.csproj", "{A25AAE64-9349-4A4D-8DD4-2945FD912608}"
EndProject
Project("{FAE04EC0-301F-11D3-BF4B-00C04F79EFBC}") = "Lucky-Customer.tests", "Lucky-Customer\Lucky-Customer.tests.csproj", "{A6AD9AFF-8C54-4081-BF4D-67CDD33ED010}"
EndProject
Global
	GlobalSection(SolutionConfigurationPlatforms) = preSolution
		Debug|Any CPU = Debug|Any CPU
		Release|Any CPU = Release|Any CPU
	EndGlobalSection
	GlobalSection(ProjectConfigurationPlatforms) = postSolution
		{7BE0C518-B49E-48C7-ABF4-5300C5EC7F7E}.Debug|Any CPU.ActiveCfg = Debug|Any CPU
		{7BE0C518-B49E-48C7-ABF4-5300C5EC7F7E}.Debug|Any CPU.Build.0 = Debug|Any CPU
		{7BE0C518-B49E-48C7-ABF4-5300C5EC7F7E}.Release|Any CPU.ActiveCfg = Release|Any CPU
		{7BE0C518-B49E-48C7-ABF4-5300C5EC7F7E}.Release|Any CPU.Build.0 = Release|Any CPU
		{A25AAE64-9349-4A4D-8DD4-2945FD912608}.Debug|Any CPU.ActiveCfg = Debug|Any CPU
		{A25AAE64-9349-4A4D-8DD4-2945FD912608}.Debug|Any CPU.Build.0 = Debug|Any CPU
		{A25AAE64-9349-4A4D-8DD4-2945FD912608}.Release|Any CPU.ActiveCfg = Release|Any CPU
		{A25AAE64-9349-4A4D-8DD4-2945FD912608}.Release|Any CPU.Build.0 = Release|Any CPU
		{A6AD9AFF-8C54-4081-BF4D-67CDD33ED010}.Debug|Any CPU.ActiveCfg = Debug|Any CPU
		{A6AD9AFF-8C54-4081-BF4D-67CDD33ED010}.Debug|Any CPU.Build.0 = Debug|Any CPU
		{A6AD9AFF-8C54-4081-BF4D-67CDD33ED010}.Release|Any CPU.ActiveCfg = Release|Any CPU
		{A6AD9AFF-8C54-4081-BF4D-67CDD33ED010}.Release|Any CPU.Build.0 = Release|Any CPU
	EndGlobalSection
	GlobalSection(SolutionProperties) = preSolution
		HideSolutionNode = FALSE
	EndGlobalSection
	GlobalSection(ExtensibilityGlobals) = postSolution
		SolutionGuid = {FF7C7946-0451-41F8-8838-2EA52ACD9413}
	EndGlobalSection
EndGlobal
